
Microsoft Visual Studio Solution File, Format Version 12.00
# Visual Studio Version 17
VisualStudioVersion = 17.12.35527.113
MinimumVisualStudioVersion = 10.0.40219.1
Project("{FAE04EC0-301F-11D3-BF4B-00C04F79EFBC}") = "Terjeki.Scheduler.Web", "Terjeki.Scheduler.Web\Terjeki.Scheduler.Web.csproj", "{DA95CB8E-1271-424E-B95B-B49A22AA7926}"
EndProject
Project("{FAE04EC0-301F-11D3-BF4B-00C04F79EFBC}") = "Terjeki.Scheduler.Core", "Terjeki.Scheduler.Core\Terjeki.Scheduler.Core.csproj", "{7B63A2BD-7C5A-4E2D-A088-AFF61CF10538}"
EndProject
Project("{FAE04EC0-301F-11D3-BF4B-00C04F79EFBC}") = "Terjeki.Scheduler.Application", "Terjeki.Scheduler.Application\Terjeki.Scheduler.Application.csproj", "{0FC141B3-7C1D-46BB-99BA-83A8E75B4F17}"
EndProject
Global
	GlobalSection(SolutionConfigurationPlatforms) = preSolution
		Debug|Any CPU = Debug|Any CPU
		Release|Any CPU = Release|Any CPU
	EndGlobalSection
	GlobalSection(ProjectConfigurationPlatforms) = postSolution
		{DA95CB8E-1271-424E-B95B-B49A22AA7926}.Debug|Any CPU.ActiveCfg = Debug|Any CPU
		{DA95CB8E-1271-424E-B95B-B49A22AA7926}.Debug|Any CPU.Build.0 = Debug|Any CPU
		{DA95CB8E-1271-424E-B95B-B49A22AA7926}.Release|Any CPU.ActiveCfg = Release|Any CPU
		{DA95CB8E-1271-424E-B95B-B49A22AA7926}.Release|Any CPU.Build.0 = Release|Any CPU
		{7B63A2BD-7C5A-4E2D-A088-AFF61CF10538}.Debug|Any CPU.ActiveCfg = Debug|Any CPU
		{7B63A2BD-7C5A-4E2D-A088-AFF61CF10538}.Debug|Any CPU.Build.0 = Debug|Any CPU
		{7B63A2BD-7C5A-4E2D-A088-AFF61CF10538}.Release|Any CPU.ActiveCfg = Release|Any CPU
		{7B63A2BD-7C5A-4E2D-A088-AFF61CF10538}.Release|Any CPU.Build.0 = Release|Any CPU
		{0FC141B3-7C1D-46BB-99BA-83A8E75B4F17}.Debug|Any CPU.ActiveCfg = Debug|Any CPU
		{0FC141B3-7C1D-46BB-99BA-83A8E75B4F17}.Debug|Any CPU.Build.0 = Debug|Any CPU
		{0FC141B3-7C1D-46BB-99BA-83A8E75B4F17}.Release|Any CPU.ActiveCfg = Release|Any CPU
		{0FC141B3-7C1D-46BB-99BA-83A8E75B4F17}.Release|Any CPU.Build.0 = Release|Any CPU
	EndGlobalSection
	GlobalSection(SolutionProperties) = preSolution
		HideSolutionNode = FALSE
	EndGlobalSection
EndGlobal
